Microsoft Visual Studio Solution File, Format Version 12.00
# Visual Studio Version 17
VisualStudioVersion = 17.0.31903.59
MinimumVisualStudioVersion = 10.0.40219.1
Project("{FAE04EC0-301F-11D3-BF4B-00C04F79EFBC}") = "AdzakDownloadPro.Core", "src\AdzakDownloadPro.Core\AdzakDownloadPro.Core.csproj", "{ABF52FE8-957B-4BDA-9A40-8591DF45A19B}"
EndProject
Project("{FAE04EC0-301F-11D3-BF4B-00C04F79EFBC}") = "AdzakDownloadPro.WinForms", "src\AdzakDownloadPro.WinForms\AdzakDownloadPro.WinForms.csproj", "{7029D726-7A5E-4ABF-A57F-24AC5A6C5078}"
EndProject
Project("{FAE04EC0-301F-11D3-BF4B-00C04F79EFBC}") = "AdzakDownloadPro.Tests", "tests\AdzakDownloadPro.Tests\AdzakDownloadPro.Tests.csproj", "{BF55A998-2F37-4C93-9672-65D731D1648A}"
EndProject
Global
    GlobalSection(SolutionConfigurationPlatforms) = preSolution
        Debug|Any CPU = Debug|Any CPU
        Release|Any CPU = Release|Any CPU
    EndGlobalSection
    GlobalSection(ProjectConfigurationPlatforms) = postSolution
        {ABF52FE8-957B-4BDA-9A40-8591DF45A19B}.Debug|Any CPU.ActiveCfg = Debug|Any CPU
        {ABF52FE8-957B-4BDA-9A40-8591DF45A19B}.Debug|Any CPU.Build.0 = Debug|Any CPU
        {ABF52FE8-957B-4BDA-9A40-8591DF45A19B}.Release|Any CPU.ActiveCfg = Release|Any CPU
        {ABF52FE8-957B-4BDA-9A40-8591DF45A19B}.Release|Any CPU.Build.0 = Release|Any CPU
        {7029D726-7A5E-4ABF-A57F-24AC5A6C5078}.Debug|Any CPU.ActiveCfg = Debug|Any CPU
        {7029D726-7A5E-4ABF-A57F-24AC5A6C5078}.Debug|Any CPU.Build.0 = Debug|Any CPU
        {7029D726-7A5E-4ABF-A57F-24AC5A6C5078}.Release|Any CPU.ActiveCfg = Release|Any CPU
        {7029D726-7A5E-4ABF-A57F-24AC5A6C5078}.Release|Any CPU.Build.0 = Release|Any CPU
        {BF55A998-2F37-4C93-9672-65D731D1648A}.Debug|Any CPU.ActiveCfg = Debug|Any CPU
        {BF55A998-2F37-4C93-9672-65D731D1648A}.Debug|Any CPU.Build.0 = Debug|Any CPU
        {BF55A998-2F37-4C93-9672-65D731D1648A}.Release|Any CPU.ActiveCfg = Release|Any CPU
        {BF55A998-2F37-4C93-9672-65D731D1648A}.Release|Any CPU.Build.0 = Release|Any CPU
    EndGlobalSection
EndGlobal
